
Microsoft Visual Studio Solution File, Format Version 12.00
# Visual Studio Version 17
VisualStudioVersion = 17.2.32630.192
MinimumVisualStudioVersion = 10.0.40219.1
Project("{E24C65DC-7377-472B-9ABA-BC803B73C61A}") = "CMC-DAOTAO", ".", "{04EDF1ED-0459-43C1-BEB6-4EBEFC1EE4C8}"
	ProjectSection(WebsiteProperties) = preProject
		TargetFrameworkMoniker = ".NETFramework,Version%3Dv4.7.2"
		Debug.AspNetCompiler.VirtualPath = "/localhost_52114"
		Debug.AspNetCompiler.PhysicalPath = "..\CMC-DAOTAO\"
		Debug.AspNetCompiler.TargetPath = "PrecompiledWeb\localhost_52114\"
		Debug.AspNetCompiler.Updateable = "true"
		Debug.AspNetCompiler.ForceOverwrite = "true"
		Debug.AspNetCompiler.FixedNames = "false"
		Debug.AspNetCompiler.Debug = "True"
		Release.AspNetCompiler.VirtualPath = "/localhost_52114"
		Release.AspNetCompiler.PhysicalPath = "..\CMC-DAOTAO\"
		Release.AspNetCompiler.TargetPath = "PrecompiledWeb\localhost_52114\"
		Release.AspNetCompiler.Updateable = "true"
		Release.AspNetCompiler.ForceOverwrite = "true"
		Release.AspNetCompiler.FixedNames = "false"
		Release.AspNetCompiler.Debug = "False"
		VWDPort = "52114"
		SlnRelativePath = "..\CMC-DAOTAO\"
	EndProjectSection
EndProject
Global
	GlobalSection(SolutionConfigurationPlatforms) = preSolution
		Debug|Any CPU = Debug|Any CPU
	EndGlobalSection
	GlobalSection(ProjectConfigurationPlatforms) = postSolution
		{04EDF1ED-0459-43C1-BEB6-4EBEFC1EE4C8}.Debug|Any CPU.ActiveCfg = Debug|Any CPU
		{04EDF1ED-0459-43C1-BEB6-4EBEFC1EE4C8}.Debug|Any CPU.Build.0 = Debug|Any CPU
	EndGlobalSection
	GlobalSection(SolutionProperties) = preSolution
		HideSolutionNode = FALSE
	EndGlobalSection
	GlobalSection(ExtensibilityGlobals) = postSolution
		SolutionGuid = {B8375659-A2A8-4194-B0EF-205CD485D773}
	EndGlobalSection
EndGlobal
