
Microsoft Visual Studio Solution File, Format Version 12.00
# Visual Studio Version 16
VisualStudioVersion = 16.0.31911.196
MinimumVisualStudioVersion = 10.0.40219.1
Project("{E24C65DC-7377-472B-9ABA-BC803B73C61A}") = "No06 - Source Code(1)", ".", "{49A1184F-7177-4C1C-A619-332E1AD477DD}"
	ProjectSection(WebsiteProperties) = preProject
		TargetFrameworkMoniker = ".NETFramework,Version%3Dv4.0"
		Debug.AspNetCompiler.VirtualPath = "/localhost_52237"
		Debug.AspNetCompiler.PhysicalPath = "D:\DuAn\TANVIET\CODE_TANVIET\No06 - Source Code\"
		Debug.AspNetCompiler.TargetPath = "PrecompiledWeb\localhost_52237\"
		Debug.AspNetCompiler.Updateable = "true"
		Debug.AspNetCompiler.ForceOverwrite = "true"
		Debug.AspNetCompiler.FixedNames = "false"
		Debug.AspNetCompiler.Debug = "True"
		Release.AspNetCompiler.VirtualPath = "/localhost_52237"
		Release.AspNetCompiler.PhysicalPath = "D:\DuAn\TANVIET\CODE_TANVIET\No06 - Source Code\"
		Release.AspNetCompiler.TargetPath = "PrecompiledWeb\localhost_52237\"
		Release.AspNetCompiler.Updateable = "true"
		Release.AspNetCompiler.ForceOverwrite = "true"
		Release.AspNetCompiler.FixedNames = "false"
		Release.AspNetCompiler.Debug = "False"
		VWDPort = "52237"
		SlnRelativePath = "..\No06 - Source Code\"
	EndProjectSection
EndProject
Global
	GlobalSection(SolutionConfigurationPlatforms) = preSolution
		Debug|Any CPU = Debug|Any CPU
	EndGlobalSection
	GlobalSection(ProjectConfigurationPlatforms) = postSolution
		{49A1184F-7177-4C1C-A619-332E1AD477DD}.Debug|Any CPU.ActiveCfg = Debug|Any CPU
		{49A1184F-7177-4C1C-A619-332E1AD477DD}.Debug|Any CPU.Build.0 = Debug|Any CPU
	EndGlobalSection
	GlobalSection(SolutionProperties) = preSolution
		HideSolutionNode = FALSE
	EndGlobalSection
	GlobalSection(ExtensibilityGlobals) = postSolution
		SolutionGuid = {89F31EF6-53D2-4D48-941B-0D6D95824F60}
	EndGlobalSection
EndGlobal
